{
  "requires": true,
  "lockfileVersion": 1,
  "dependencies": {
    "react-webcam": {
      "version": "5.2.4",
      "resolved": "https://registry.npmjs.org/react-webcam/-/react-webcam-5.2.4.tgz",
      "integrity": "sha512-Qqj14t68Ke1eoEYjFde+N48HtuIJg0ePIQRpFww9eZt5oBcDpe/l60h+m3VRFJAR5/E3dOhSU5R8EJEcdCq/Eg=="
    }
  }
}
